
Microsoft Visual Studio Solution File, Format Version 12.00
# Visual Studio 15
VisualStudioVersion = 15.0.28010.2003
MinimumVisualStudioVersion = 10.0.40219.1
Project("{9A19103F-16F7-4668-BE54-9A1E7A4F7556}") = "WebApi", "WebApi\WebApi.csproj", "{F94DEC5D-726B-48CC-AC7E-7DBC5FDD8F2D}"
EndProject
Project("{9A19103F-16F7-4668-BE54-9A1E7A4F7556}") = "DAL", "DAL\DAL.csproj", "{525DC41B-6C9F-4E05-A50F-8CC92AC68B39}"
EndProject
Project("{9A19103F-16F7-4668-BE54-9A1E7A4F7556}") = "DTO", "DTO\DTO.csproj", "{6460EA76-033F-4588-B1B8-905D24B7F0D2}"
EndProject
Project("{FAE04EC0-301F-11D3-BF4B-00C04F79EFBC}") = "WebClient", "WebApplication1\WebClient.csproj", "{BF0E032B-725E-40BB-910D-D92144532AD1}"
EndProject
Global
	GlobalSection(SolutionConfigurationPlatforms) = preSolution
		Debug|Any CPU = Debug|Any CPU
		Release|Any CPU = Release|Any CPU
	EndGlobalSection
	GlobalSection(ProjectConfigurationPlatforms) = postSolution
		{F94DEC5D-726B-48CC-AC7E-7DBC5FDD8F2D}.Debug|Any CPU.ActiveCfg = Debug|Any CPU
		{F94DEC5D-726B-48CC-AC7E-7DBC5FDD8F2D}.Debug|Any CPU.Build.0 = Debug|Any CPU
		{F94DEC5D-726B-48CC-AC7E-7DBC5FDD8F2D}.Release|Any CPU.ActiveCfg = Release|Any CPU
		{F94DEC5D-726B-48CC-AC7E-7DBC5FDD8F2D}.Release|Any CPU.Build.0 = Release|Any CPU
		{525DC41B-6C9F-4E05-A50F-8CC92AC68B39}.Debug|Any CPU.ActiveCfg = Debug|Any CPU
		{525DC41B-6C9F-4E05-A50F-8CC92AC68B39}.Debug|Any CPU.Build.0 = Debug|Any CPU
		{525DC41B-6C9F-4E05-A50F-8CC92AC68B39}.Release|Any CPU.ActiveCfg = Release|Any CPU
		{525DC41B-6C9F-4E05-A50F-8CC92AC68B39}.Release|Any CPU.Build.0 = Release|Any CPU
		{6460EA76-033F-4588-B1B8-905D24B7F0D2}.Debug|Any CPU.ActiveCfg = Debug|Any CPU
		{6460EA76-033F-4588-B1B8-905D24B7F0D2}.Debug|Any CPU.Build.0 = Debug|Any CPU
		{6460EA76-033F-4588-B1B8-905D24B7F0D2}.Release|Any CPU.ActiveCfg = Release|Any CPU
		{6460EA76-033F-4588-B1B8-905D24B7F0D2}.Release|Any CPU.Build.0 = Release|Any CPU
		{BF0E032B-725E-40BB-910D-D92144532AD1}.Debug|Any CPU.ActiveCfg = Debug|Any CPU
		{BF0E032B-725E-40BB-910D-D92144532AD1}.Debug|Any CPU.Build.0 = Debug|Any CPU
		{BF0E032B-725E-40BB-910D-D92144532AD1}.Release|Any CPU.ActiveCfg = Release|Any CPU
		{BF0E032B-725E-40BB-910D-D92144532AD1}.Release|Any CPU.Build.0 = Release|Any CPU
	EndGlobalSection
	GlobalSection(SolutionProperties) = preSolution
		HideSolutionNode = FALSE
	EndGlobalSection
	GlobalSection(ExtensibilityGlobals) = postSolution
		SolutionGuid = {5699797B-E6F8-49EE-BE86-85EE7FB71636}
	EndGlobalSection
EndGlobal
